// !$*UTF8*$!
{
	archiveVersion = 1;
	classes = {
	};
	objectVersion = 48;
	objects = {

/* Begin PBXBuildFile section */
		5B0F25C3204B38F700948F88 /* AppDelegate.swift in Sources */ = {isa = PBXBuildFile; fileRef = 5B0F25C2204B38F700948F88 /* AppDelegate.swift */; };
		5B0F25CA204B38F700948F88 /* Main.storyboard in Resources */ = {isa = PBXBuildFile; fileRef = 5B0F25C8204B38F700948F88 /* Main.storyboard */; };
		5B0F25CC204B38F700948F88 /* Assets.xcassets in Resources */ = {isa = PBXBuildFile; fileRef = 5B0F25CB204B38F700948F88 /* Assets.xcassets */; };
		5B0F25CF204B38F700948F88 /* LaunchScreen.storyboard in Resources */ = {isa = PBXBuildFile; fileRef = 5B0F25CD204B38F700948F88 /* LaunchScreen.storyboard */; };
		5B0F25DA204B38F700948F88 /* NetworkingTests.swift in Sources */ = {isa = PBXBuildFile; fileRef = 5B0F25D9204B38F700948F88 /* NetworkingTests.swift */; };
		5B0F25E5204B38F700948F88 /* MemeGeneratorUITests.swift in Sources */ = {isa = PBXBuildFile; fileRef = 5B0F25E4204B38F700948F88 /* MemeGeneratorUITests.swift */; };
		5B0F263A204CB99F00948F88 /* URLRequest.swift in Sources */ = {isa = PBXBuildFile; fileRef = 5B0F2624204CB99F00948F88 /* URLRequest.swift */; };
		5B0F263B204CB99F00948F88 /* Encodable.swift in Sources */ = {isa = PBXBuildFile; fileRef = 5B0F2625204CB99F00948F88 /* Encodable.swift */; };
		5B0F263C204CB99F00948F88 /* HTTPMethod.swift in Sources */ = {isa = PBXBuildFile; fileRef = 5B0F2626204CB99F00948F88 /* HTTPMethod.swift */; };
		5B0F263D204CB99F00948F88 /* Extension.swift in Sources */ = {isa = PBXBuildFile; fileRef = 5B0F2627204CB99F00948F88 /* Extension.swift */; };
		5B0F263E204CB99F00948F88 /* DataRequest.swift in Sources */ = {isa = PBXBuildFile; fileRef = 5B0F2628204CB99F00948F88 /* DataRequest.swift */; };
		5B0F263F204CB99F00948F88 /* CloudBase.swift in Sources */ = {isa = PBXBuildFile; fileRef = 5B0F262A204CB99F00948F88 /* CloudBase.swift */; };
		5B0F2640204CB99F00948F88 /* MemesRoutes.swift in Sources */ = {isa = PBXBuildFile; fileRef = 5B0F262C204CB99F00948F88 /* MemesRoutes.swift */; };
		5B0F2641204CB99F00948F88 /* MemesCreate.swift in Sources */ = {isa = PBXBuildFile; fileRef = 5B0F262D204CB99F00948F88 /* MemesCreate.swift */; };
		5B0F2642204CB99F00948F88 /* MemesCloud.swift in Sources */ = {isa = PBXBuildFile; fileRef = 5B0F262E204CB99F00948F88 /* MemesCloud.swift */; };
		5B0F2643204CB99F00948F88 /* OperationResult.swift in Sources */ = {isa = PBXBuildFile; fileRef = 5B0F262F204CB99F00948F88 /* OperationResult.swift */; };
		5B0F2644204CB99F00948F88 /* ErrorPlatform.swift in Sources */ = {isa = PBXBuildFile; fileRef = 5B0F2631204CB99F00948F88 /* ErrorPlatform.swift */; };
		5B0F2645204CB99F00948F88 /* DataModel.swift in Sources */ = {isa = PBXBuildFile; fileRef = 5B0F2633204CB99F00948F88 /* DataModel.swift */; };
		5B0F2646204CB99F00948F88 /* MemesResponseModel.swift in Sources */ = {isa = PBXBuildFile; fileRef = 5B0F2634204CB99F00948F88 /* MemesResponseModel.swift */; };
		5B0F2647204CB99F00948F88 /* MemeCreateResponseModel.swift in Sources */ = {isa = PBXBuildFile; fileRef = 5B0F2635204CB99F00948F88 /* MemeCreateResponseModel.swift */; };
		5B0F2648204CB99F00948F88 /* MemeBase.swift in Sources */ = {isa = PBXBuildFile; fileRef = 5B0F2636204CB99F00948F88 /* MemeBase.swift */; };
		5B0F2649204CB99F00948F88 /* MemesModel.swift in Sources */ = {isa = PBXBuildFile; fileRef = 5B0F2637204CB99F00948F88 /* MemesModel.swift */; };
		5B0F264A204CB99F00948F88 /* ErrorModel.swift in Sources */ = {isa = PBXBuildFile; fileRef = 5B0F2638204CB99F00948F88 /* ErrorModel.swift */; };
		5B0F264B204CB99F00948F88 /* MemeCreateModel.swift in Sources */ = {isa = PBXBuildFile; fileRef = 5B0F2639204CB99F00948F88 /* MemeCreateModel.swift */; };
		5B0F2652204CC73700948F88 /* MemesListTableViewController.swift in Sources */ = {isa = PBXBuildFile; fileRef = 5B0F2651204CC73700948F88 /* MemesListTableViewController.swift */; };
		5B0F2655204CC74F00948F88 /* MemeTableViewCell.swift in Sources */ = {isa = PBXBuildFile; fileRef = 5B0F2653204CC74F00948F88 /* MemeTableViewCell.swift */; };
		5B0F2656204CC74F00948F88 /* MemeTableViewCell.xib in Resources */ = {isa = PBXBuildFile; fileRef = 5B0F2654204CC74F00948F88 /* MemeTableViewCell.xib */; };
		5B0F2658204CD43300948F88 /* Reusable.swift in Sources */ = {isa = PBXBuildFile; fileRef = 5B0F2657204CD43300948F88 /* Reusable.swift */; };
		5B0F265C204CD79400948F88 /* UITableView.swift in Sources */ = {isa = PBXBuildFile; fileRef = 5B0F265B204CD79400948F88 /* UITableView.swift */; };
		5B0F265E204CE03600948F88 /* MemesDataSource.swift in Sources */ = {isa = PBXBuildFile; fileRef = 5B0F265D204CE03600948F88 /* MemesDataSource.swift */; };
		5B0F2660204CED5F00948F88 /* MemesController.swift in Sources */ = {isa = PBXBuildFile; fileRef = 5B0F265F204CED5F00948F88 /* MemesController.swift */; };
		5B1E28F5204D3004005600A6 /* MemeDetailsTableViewCell.swift in Sources */ = {isa = PBXBuildFile; fileRef = 5B1E28F3204D3004005600A6 /* MemeDetailsTableViewCell.swift */; };
		5B1E28F6204D3004005600A6 /* MemeDetailsTableViewCell.xib in Resources */ = {isa = PBXBuildFile; fileRef = 5B1E28F4204D3004005600A6 /* MemeDetailsTableViewCell.xib */; };
		5B1E28F9204D30BD005600A6 /* DescriptionTableViewCell.swift in Sources */ = {isa = PBXBuildFile; fileRef = 5B1E28F7204D30BD005600A6 /* DescriptionTableViewCell.swift */; };
		5B1E28FA204D30BD005600A6 /* DescriptionTableViewCell.xib in Resources */ = {isa = PBXBuildFile; fileRef = 5B1E28F8204D30BD005600A6 /* DescriptionTableViewCell.xib */; };
		5B1E2901204D3405005600A6 /* MemeDetailsEditTableViewCell.swift in Sources */ = {isa = PBXBuildFile; fileRef = 5B1E28FF204D3405005600A6 /* MemeDetailsEditTableViewCell.swift */; };
		5B1E2902204D3405005600A6 /* MemeDetailsEditTableViewCell.xib in Resources */ = {isa = PBXBuildFile; fileRef = 5B1E2900204D3405005600A6 /* MemeDetailsEditTableViewCell.xib */; };
		5B1E2904204D37B8005600A6 /* MemeDetailsTableViewController.swift in Sources */ = {isa = PBXBuildFile; fileRef = 5B1E2903204D37B8005600A6 /* MemeDetailsTableViewController.swift */; };
		5B1E2909204D4810005600A6 /* MemeDetailsController.swift in Sources */ = {isa = PBXBuildFile; fileRef = 5B1E2908204D4810005600A6 /* MemeDetailsController.swift */; };
		5B1E290B204D484F005600A6 /* MemeDetailsDataSource.swift in Sources */ = {isa = PBXBuildFile; fileRef = 5B1E290A204D484F005600A6 /* MemeDetailsDataSource.swift */; };
		5B5DC238204D9AC6005E2A3D /* SocialCloud.swift in Sources */ = {isa = PBXBuildFile; fileRef = 5B5DC237204D9AC6005E2A3D /* SocialCloud.swift */; };
		84315AFFA4E57ACA491F8EA7 /* Pods_MemeGenerator.framework in Frameworks */ = {isa = PBXBuildFile; fileRef = 4A1D1BB892CE876AD9BFE408 /* Pods_MemeGenerator.framework */; };
/* End PBXBuildFile section */

/* Begin PBXContainerItemProxy section */
		5B0F25D6204B38F700948F88 /* PBXContainerItemProxy */ = {
			isa = PBXContainerItemProxy;
			containerPortal = 5B0F25B7204B38F700948F88 /* Project object */;
			proxyType = 1;
			remoteGlobalIDString = 5B0F25BE204B38F700948F88;
			remoteInfo = MemeGenerator;
		};
		5B0F25E1204B38F700948F88 /* PBXContainerItemProxy */ = {
			isa = PBXContainerItemProxy;
			containerPortal = 5B0F25B7204B38F700948F88 /* Project object */;
			proxyType = 1;
			remoteGlobalIDString = 5B0F25BE204B38F700948F88;
			remoteInfo = MemeGenerator;
		};
/* End PBXContainerItemProxy section */

/* Begin PBXFileReference section */
		3AA89972A63E0F4FFAD9A5C9 /* Pods-MemeGenerator.debug.xcconfig */ = {isa = PBXFileReference; includeInIndex = 1; lastKnownFileType = text.xcconfig; name = "Pods-MemeGenerator.debug.xcconfig"; path = "Pods/Target Support Files/Pods-MemeGenerator/Pods-MemeGenerator.debug.xcconfig"; sourceTree = "<group>"; };
		4A1D1BB892CE876AD9BFE408 /* Pods_MemeGenerator.framework */ = {isa = PBXFileReference; explicitFileType = wrapper.framework; includeInIndex = 0; path = Pods_MemeGenerator.framework; sourceTree = BUILT_PRODUCTS_DIR; };
		5B0F25BF204B38F700948F88 /* MemeGenerator.app */ = {isa = PBXFileReference; explicitFileType = wrapper.application; includeInIndex = 0; path = MemeGenerator.app; sourceTree = BUILT_PRODUCTS_DIR; };
		5B0F25C2204B38F700948F88 /* AppDelegate.swift */ = {isa = PBXFileReference; lastKnownFileType = sourcecode.swift; path = AppDelegate.swift; sourceTree = "<group>"; };
		5B0F25C9204B38F700948F88 /* Base */ = {isa = PBXFileReference; lastKnownFileType = file.storyboard; name = Base; path = Base.lproj/Main.storyboard; sourceTree = "<group>"; };
		5B0F25CB204B38F700948F88 /* Assets.xcassets */ = {isa = PBXFileReference; lastKnownFileType = folder.assetcatalog; path = Assets.xcassets; sourceTree = "<group>"; };
		5B0F25CE204B38F700948F88 /* Base */ = {isa = PBXFileReference; lastKnownFileType = file.storyboard; name = Base; path = Base.lproj/LaunchScreen.storyboard; sourceTree = "<group>"; };
		5B0F25D0204B38F700948F88 /* Info.plist */ = {isa = PBXFileReference; lastKnownFileType = text.plist.xml; path = Info.plist; sourceTree = "<group>"; };
		5B0F25D5204B38F700948F88 /* MemeGeneratorTests.xctest */ = {isa = PBXFileReference; explicitFileType = wrapper.cfbundle; includeInIndex = 0; path = MemeGeneratorTests.xctest; sourceTree = BUILT_PRODUCTS_DIR; };
		5B0F25D9204B38F700948F88 /* NetworkingTests.swift */ = {isa = PBXFileReference; lastKnownFileType = sourcecode.swift; path = NetworkingTests.swift; sourceTree = "<group>"; };
		5B0F25DB204B38F700948F88 /* Info.plist */ = {isa = PBXFileReference; lastKnownFileType = text.plist.xml; path = Info.plist; sourceTree = "<group>"; };
		5B0F25E0204B38F700948F88 /* MemeGeneratorUITests.xctest */ = {isa = PBXFileReference; explicitFileType = wrapper.cfbundle; includeInIndex = 0; path = MemeGeneratorUITests.xctest; sourceTree = BUILT_PRODUCTS_DIR; };
		5B0F25E4204B38F700948F88 /* MemeGeneratorUITests.swift */ = {isa = PBXFileReference; lastKnownFileType = sourcecode.swift; path = MemeGeneratorUITests.swift; sourceTree = "<group>"; };
		5B0F25E6204B38F700948F88 /* Info.plist */ = {isa = PBXFileReference; lastKnownFileType = text.plist.xml; path = Info.plist; sourceTree = "<group>"; };
		5B0F2624204CB99F00948F88 /* URLRequest.swift */ = {isa = PBXFileReference; fileEncoding = 4; lastKnownFileType = sourcecode.swift; path = URLRequest.swift; sourceTree = "<group>"; };
		5B0F2625204CB99F00948F88 /* Encodable.swift */ = {isa = PBXFileReference; fileEncoding = 4; lastKnownFileType = sourcecode.swift; path = Encodable.swift; sourceTree = "<group>"; };
		5B0F2626204CB99F00948F88 /* HTTPMethod.swift */ = {isa = PBXFileReference; fileEncoding = 4; lastKnownFileType = sourcecode.swift; path = HTTPMethod.swift; sourceTree = "<group>"; };
		5B0F2627204CB99F00948F88 /* Extension.swift */ = {isa = PBXFileReference; fileEncoding = 4; lastKnownFileType = sourcecode.swift; path = Extension.swift; sourceTree = "<group>"; };
		5B0F2628204CB99F00948F88 /* DataRequest.swift */ = {isa = PBXFileReference; fileEncoding = 4; lastKnownFileType = sourcecode.swift; path = DataRequest.swift; sourceTree = "<group>"; };
		5B0F262A204CB99F00948F88 /* CloudBase.swift */ = {isa = PBXFileReference; fileEncoding = 4; lastKnownFileType = sourcecode.swift; path = CloudBase.swift; sourceTree = "<group>"; };
		5B0F262C204CB99F00948F88 /* MemesRoutes.swift */ = {isa = PBXFileReference; fileEncoding = 4; lastKnownFileType = sourcecode.swift; path = MemesRoutes.swift; sourceTree = "<group>"; };
		5B0F262D204CB99F00948F88 /* MemesCreate.swift */ = {isa = PBXFileReference; fileEncoding = 4; lastKnownFileType = sourcecode.swift; path = MemesCreate.swift; sourceTree = "<group>"; };
		5B0F262E204CB99F00948F88 /* MemesCloud.swift */ = {isa = PBXFileReference; fileEncoding = 4; lastKnownFileType = sourcecode.swift; path = MemesCloud.swift; sourceTree = "<group>"; };
		5B0F262F204CB99F00948F88 /* OperationResult.swift */ = {isa = PBXFileReference; fileEncoding = 4; lastKnownFileType = sourcecode.swift; path = OperationResult.swift; sourceTree = "<group>"; };
		5B0F2631204CB99F00948F88 /* ErrorPlatform.swift */ = {isa = PBXFileReference; fileEncoding = 4; lastKnownFileType = sourcecode.swift; path = ErrorPlatform.swift; sourceTree = "<group>"; };
		5B0F2633204CB99F00948F88 /* DataModel.swift */ = {isa = PBXFileReference; fileEncoding = 4; lastKnownFileType = sourcecode.swift; path = DataModel.swift; sourceTree = "<group>"; };
		5B0F2634204CB99F00948F88 /* MemesResponseModel.swift */ = {isa = PBXFileReference; fileEncoding = 4; lastKnownFileType = sourcecode.swift; path = MemesResponseModel.swift; sourceTree = "<group>"; };
		5B0F2635204CB99F00948F88 /* MemeCreateResponseModel.swift */ = {isa = PBXFileReference; fileEncoding = 4; lastKnownFileType = sourcecode.swift; path = MemeCreateResponseModel.swift; sourceTree = "<group>"; };
		5B0F2636204CB99F00948F88 /* MemeBase.swift */ = {isa = PBXFileReference; fileEncoding = 4; lastKnownFileType = sourcecode.swift; path = MemeBase.swift; sourceTree = "<group>"; };
		5B0F2637204CB99F00948F88 /* MemesModel.swift */ = {isa = PBXFileReference; fileEncoding = 4; lastKnownFileType = sourcecode.swift; path = MemesModel.swift; sourceTree = "<group>"; };
		5B0F2638204CB99F00948F88 /* ErrorModel.swift */ = {isa = PBXFileReference; fileEncoding = 4; lastKnownFileType = sourcecode.swift; path = ErrorModel.swift; sourceTree = "<group>"; };
		5B0F2639204CB99F00948F88 /* MemeCreateModel.swift */ = {isa = PBXFileReference; fileEncoding = 4; lastKnownFileType = sourcecode.swift; path = MemeCreateModel.swift; sourceTree = "<group>"; };
		5B0F2651204CC73700948F88 /* MemesListTableViewController.swift */ = {isa = PBXFileReference; lastKnownFileType = sourcecode.swift; path = MemesListTableViewController.swift; sourceTree = "<group>"; };
		5B0F2653204CC74F00948F88 /* MemeTableViewCell.swift */ = {isa = PBXFileReference; lastKnownFileType = sourcecode.swift; path = MemeTableViewCell.swift; sourceTree = "<group>"; };
		5B0F2654204CC74F00948F88 /* MemeTableViewCell.xib */ = {isa = PBXFileReference; lastKnownFileType = file.xib; path = MemeTableViewCell.xib; sourceTree = "<group>"; };
		5B0F2657204CD43300948F88 /* Reusable.swift */ = {isa = PBXFileReference; lastKnownFileType = sourcecode.swift; path = Reusable.swift; sourceTree = "<group>"; };
		5B0F265B204CD79400948F88 /* UITableView.swift */ = {isa = PBXFileReference; lastKnownFileType = sourcecode.swift; path = UITableView.swift; sourceTree = "<group>"; };
		5B0F265D204CE03600948F88 /* MemesDataSource.swift */ = {isa = PBXFileReference; lastKnownFileType = sourcecode.swift; path = MemesDataSource.swift; sourceTree = "<group>"; };
		5B0F265F204CED5F00948F88 /* MemesController.swift */ = {isa = PBXFileReference; lastKnownFileType = sourcecode.swift; path = MemesController.swift; sourceTree = "<group>"; };
		5B1E28F3204D3004005600A6 /* MemeDetailsTableViewCell.swift */ = {isa = PBXFileReference; lastKnownFileType = sourcecode.swift; path = MemeDetailsTableViewCell.swift; sourceTree = "<group>"; };
		5B1E28F4204D3004005600A6 /* MemeDetailsTableViewCell.xib */ = {isa = PBXFileReference; lastKnownFileType = file.xib; path = MemeDetailsTableViewCell.xib; sourceTree = "<group>"; };
		5B1E28F7204D30BD005600A6 /* DescriptionTableViewCell.swift */ = {isa = PBXFileReference; lastKnownFileType = sourcecode.swift; path = DescriptionTableViewCell.swift; sourceTree = "<group>"; };
		5B1E28F8204D30BD005600A6 /* DescriptionTableViewCell.xib */ = {isa = PBXFileReference; lastKnownFileType = file.xib; path = DescriptionTableViewCell.xib; sourceTree = "<group>"; };
		5B1E28FF204D3405005600A6 /* MemeDetailsEditTableViewCell.swift */ = {isa = PBXFileReference; lastKnownFileType = sourcecode.swift; path = MemeDetailsEditTableViewCell.swift; sourceTree = "<group>"; };
		5B1E2900204D3405005600A6 /* MemeDetailsEditTableViewCell.xib */ = {isa = PBXFileReference; lastKnownFileType = file.xib; path = MemeDetailsEditTableViewCell.xib; sourceTree = "<group>"; };
		5B1E2903204D37B8005600A6 /* MemeDetailsTableViewController.swift */ = {isa = PBXFileReference; fileEncoding = 4; lastKnownFileType = sourcecode.swift; path = MemeDetailsTableViewController.swift; sourceTree = "<group>"; };
		5B1E2908204D4810005600A6 /* MemeDetailsController.swift */ = {isa = PBXFileReference; lastKnownFileType = sourcecode.swift; path = MemeDetailsController.swift; sourceTree = "<group>"; };
		5B1E290A204D484F005600A6 /* MemeDetailsDataSource.swift */ = {isa = PBXFileReference; fileEncoding = 4; lastKnownFileType = sourcecode.swift; path = MemeDetailsDataSource.swift; sourceTree = "<group>"; };
		5B5DC237204D9AC6005E2A3D /* SocialCloud.swift */ = {isa = PBXFileReference; lastKnownFileType = sourcecode.swift; name = SocialCloud.swift; path = ../../../../../../Documents/SocialCloud.swift; sourceTree = "<group>"; };
		7415BD1446B6EC2CD0634374 /* Pods-MemeGenerator.release.xcconfig */ = {isa = PBXFileReference; includeInIndex = 1; lastKnownFileType = text.xcconfig; name = "Pods-MemeGenerator.release.xcconfig"; path = "Pods/Target Support Files/Pods-MemeGenerator/Pods-MemeGenerator.release.xcconfig"; sourceTree = "<group>"; };
/* End PBXFileReference section */

/* Begin PBXFrameworksBuildPhase section */
		5B0F25BC204B38F700948F88 /* Frameworks */ = {
			isa = PBXFrameworksBuildPhase;
			buildActionMask = 2147483647;
			files = (
				84315AFFA4E57ACA491F8EA7 /* Pods_MemeGenerator.framework in Frameworks */,
			);
			runOnlyForDeploymentPostprocessing = 0;
		};
		5B0F25D2204B38F700948F88 /* Frameworks */ = {
			isa = PBXFrameworksBuildPhase;
			buildActionMask = 2147483647;
			files = (
			);
			runOnlyForDeploymentPostprocessing = 0;
		};
		5B0F25DD204B38F700948F88 /* Frameworks */ = {
			isa = PBXFrameworksBuildPhase;
			buildActionMask = 2147483647;
			files = (
			);
			runOnlyForDeploymentPostprocessing = 0;
		};
/* End PBXFrameworksBuildPhase section */

/* Begin PBXGroup section */
		398068CC4527708086D1B4C5 /* Frameworks */ = {
			isa = PBXGroup;
			children = (
				4A1D1BB892CE876AD9BFE408 /* Pods_MemeGenerator.framework */,
			);
			name = Frameworks;
			sourceTree = "<group>";
		};
		5B0F25B6204B38F700948F88 = {
			isa = PBXGroup;
			children = (
				5B0F25C1204B38F700948F88 /* MemeGenerator */,
				5B0F25D8204B38F700948F88 /* MemeGeneratorTests */,
				5B0F25E3204B38F700948F88 /* MemeGeneratorUITests */,
				5B0F25C0204B38F700948F88 /* Products */,
				C9486B703A7C03D3EC9B3D81 /* Pods */,
				398068CC4527708086D1B4C5 /* Frameworks */,
			);
			sourceTree = "<group>";
		};
		5B0F25C0204B38F700948F88 /* Products */ = {
			isa = PBXGroup;
			children = (
				5B0F25BF204B38F700948F88 /* MemeGenerator.app */,
				5B0F25D5204B38F700948F88 /* MemeGeneratorTests.xctest */,
				5B0F25E0204B38F700948F88 /* MemeGeneratorUITests.xctest */,
			);
			name = Products;
			sourceTree = "<group>";
		};
		5B0F25C1204B38F700948F88 /* MemeGenerator */ = {
			isa = PBXGroup;
			children = (
				5B0F264C204CB9AA00948F88 /* ViewControllers */,
				5B0F2629204CB99F00948F88 /* Cloud */,
				5B0F2623204CB99F00948F88 /* Extensions */,
				5B0F2632204CB99F00948F88 /* Models */,
				5B0F25C2204B38F700948F88 /* AppDelegate.swift */,
				5B0F25C8204B38F700948F88 /* Main.storyboard */,
				5B0F25CB204B38F700948F88 /* Assets.xcassets */,
				5B0F25CD204B38F700948F88 /* LaunchScreen.storyboard */,
				5B0F25D0204B38F700948F88 /* Info.plist */,
			);
			path = MemeGenerator;
			sourceTree = "<group>";
		};
		5B0F25D8204B38F700948F88 /* MemeGeneratorTests */ = {
			isa = PBXGroup;
			children = (
				5B0F25D9204B38F700948F88 /* NetworkingTests.swift */,
				5B0F25DB204B38F700948F88 /* Info.plist */,
			);
			path = MemeGeneratorTests;
			sourceTree = "<group>";
		};
		5B0F25E3204B38F700948F88 /* MemeGeneratorUITests */ = {
			isa = PBXGroup;
			children = (
				5B0F25E4204B38F700948F88 /* MemeGeneratorUITests.swift */,
				5B0F25E6204B38F700948F88 /* Info.plist */,
			);
			path = MemeGeneratorUITests;
			sourceTree = "<group>";
		};
		5B0F2623204CB99F00948F88 /* Extensions */ = {
			isa = PBXGroup;
			children = (
				5B0F2624204CB99F00948F88 /* URLRequest.swift */,
				5B0F2625204CB99F00948F88 /* Encodable.swift */,
				5B0F2626204CB99F00948F88 /* HTTPMethod.swift */,
				5B0F2627204CB99F00948F88 /* Extension.swift */,
				5B0F2628204CB99F00948F88 /* DataRequest.swift */,
				5B0F2657204CD43300948F88 /* Reusable.swift */,
				5B0F265B204CD79400948F88 /* UITableView.swift */,
			);
			path = Extensions;
			sourceTree = "<group>";
		};
		5B0F2629204CB99F00948F88 /* Cloud */ = {
			isa = PBXGroup;
			children = (
				5B5DC236204D9AAD005E2A3D /* Social */,
				5B0F262A204CB99F00948F88 /* CloudBase.swift */,
				5B0F262B204CB99F00948F88 /* Memes */,
				5B0F262F204CB99F00948F88 /* OperationResult.swift */,
				5B0F2630204CB99F00948F88 /* Error */,
			);
			path = Cloud;
			sourceTree = "<group>";
		};
		5B0F262B204CB99F00948F88 /* Memes */ = {
			isa = PBXGroup;
			children = (
				5B0F262C204CB99F00948F88 /* MemesRoutes.swift */,
				5B0F262D204CB99F00948F88 /* MemesCreate.swift */,
				5B0F262E204CB99F00948F88 /* MemesCloud.swift */,
			);
			path = Memes;
			sourceTree = "<group>";
		};
		5B0F2630204CB99F00948F88 /* Error */ = {
			isa = PBXGroup;
			children = (
				5B0F2631204CB99F00948F88 /* ErrorPlatform.swift */,
			);
			path = Error;
			sourceTree = "<group>";
		};
		5B0F2632204CB99F00948F88 /* Models */ = {
			isa = PBXGroup;
			children = (
				5B0F2633204CB99F00948F88 /* DataModel.swift */,
				5B0F2634204CB99F00948F88 /* MemesResponseModel.swift */,
				5B0F2635204CB99F00948F88 /* MemeCreateResponseModel.swift */,
				5B0F2636204CB99F00948F88 /* MemeBase.swift */,
				5B0F2637204CB99F00948F88 /* MemesModel.swift */,
				5B0F2638204CB99F00948F88 /* ErrorModel.swift */,
				5B0F2639204CB99F00948F88 /* MemeCreateModel.swift */,
			);
			path = Models;
			sourceTree = "<group>";
		};
		5B0F264C204CB9AA00948F88 /* ViewControllers */ = {
			isa = PBXGroup;
			children = (
				5B1E28F0204D2957005600A6 /* MemeDetails */,
				5B1E28EF204D293C005600A6 /* MemeList */,
			);
			path = ViewControllers;
			sourceTree = "<group>";
		};
		5B1E28EF204D293C005600A6 /* MemeList */ = {
			isa = PBXGroup;
			children = (
				5B0F2651204CC73700948F88 /* MemesListTableViewController.swift */,
				5B0F2653204CC74F00948F88 /* MemeTableViewCell.swift */,
				5B0F2654204CC74F00948F88 /* MemeTableViewCell.xib */,
				5B0F265D204CE03600948F88 /* MemesDataSource.swift */,
				5B0F265F204CED5F00948F88 /* MemesController.swift */,
			);
			path = MemeList;
			sourceTree = "<group>";
		};
		5B1E28F0204D2957005600A6 /* MemeDetails */ = {
			isa = PBXGroup;
			children = (
				5B1E28F3204D3004005600A6 /* MemeDetailsTableViewCell.swift */,
				5B1E28F4204D3004005600A6 /* MemeDetailsTableViewCell.xib */,
				5B1E28F7204D30BD005600A6 /* DescriptionTableViewCell.swift */,
				5B1E28F8204D30BD005600A6 /* DescriptionTableViewCell.xib */,
				5B1E28FF204D3405005600A6 /* MemeDetailsEditTableViewCell.swift */,
				5B1E2900204D3405005600A6 /* MemeDetailsEditTableViewCell.xib */,
				5B1E2903204D37B8005600A6 /* MemeDetailsTableViewController.swift */,
				5B1E290A204D484F005600A6 /* MemeDetailsDataSource.swift */,
				5B1E2908204D4810005600A6 /* MemeDetailsController.swift */,
			);
			path = MemeDetails;
			sourceTree = "<group>";
		};
		5B5DC236204D9AAD005E2A3D /* Social */ = {
			isa = PBXGroup;
			children = (
				5B5DC237204D9AC6005E2A3D /* SocialCloud.swift */,
			);
			path = Social;
			sourceTree = "<group>";
		};
		C9486B703A7C03D3EC9B3D81 /* Pods */ = {
			isa = PBXGroup;
			children = (
				3AA89972A63E0F4FFAD9A5C9 /* Pods-MemeGenerator.debug.xcconfig */,
				7415BD1446B6EC2CD0634374 /* Pods-MemeGenerator.release.xcconfig */,
			);
			name = Pods;
			sourceTree = "<group>";
		};
/* End PBXGroup section */

/* Begin PBXNativeTarget section */
		5B0F25BE204B38F700948F88 /* MemeGenerator */ = {
			isa = PBXNativeTarget;
			buildConfigurationList = 5B0F25E9204B38F700948F88 /* Build configuration list for PBXNativeTarget "MemeGenerator" */;
			buildPhases = (
				0824542B0F673E3C74578DA8 /* [CP] Check Pods Manifest.lock */,
				5B0F25BB204B38F700948F88 /* Sources */,
				5B0F25BC204B38F700948F88 /* Frameworks */,
				5B0F25BD204B38F700948F88 /* Resources */,
				FB7D0241D0F050F18364EF30 /* [CP] Embed Pods Frameworks */,
				30914F953CD8AF5C1AEEC1F4 /* [CP] Copy Pods Resources */,
			);
			buildRules = (
			);
			dependencies = (
			);
			name = MemeGenerator;
			productName = MemeGenerator;
			productReference = 5B0F25BF204B38F700948F88 /* MemeGenerator.app */;
			productType = "com.apple.product-type.application";
		};
		5B0F25D4204B38F700948F88 /* MemeGeneratorTests */ = {
			isa = PBXNativeTarget;
			buildConfigurationList = 5B0F25EC204B38F700948F88 /* Build configuration list for PBXNativeTarget "MemeGeneratorTests" */;
			buildPhases = (
				5B0F25D1204B38F700948F88 /* Sources */,
				5B0F25D2204B38F700948F88 /* Frameworks */,
				5B0F25D3204B38F700948F88 /* Resources */,
			);
			buildRules = (
			);
			dependencies = (
				5B0F25D7204B38F700948F88 /* PBXTargetDependency */,
			);
			name = MemeGeneratorTests;
			productName = MemeGeneratorTests;
			productReference = 5B0F25D5204B38F700948F88 /* MemeGeneratorTests.xctest */;
			productType = "com.apple.product-type.bundle.unit-test";
		};
		5B0F25DF204B38F700948F88 /* MemeGeneratorUITests */ = {
			isa = PBXNativeTarget;
			buildConfigurationList = 5B0F25EF204B38F700948F88 /* Build configuration list for PBXNativeTarget "MemeGeneratorUITests" */;
			buildPhases = (
				5B0F25DC204B38F700948F88 /* Sources */,
				5B0F25DD204B38F700948F88 /* Frameworks */,
				5B0F25DE204B38F700948F88 /* Resources */,
			);
			buildRules = (
			);
			dependencies = (
				5B0F25E2204B38F700948F88 /* PBXTargetDependency */,
			);
			name = MemeGeneratorUITests;
			productName = MemeGeneratorUITests;
			productReference = 5B0F25E0204B38F700948F88 /* MemeGeneratorUITests.xctest */;
			productType = "com.apple.product-type.bundle.ui-testing";
		};
/* End PBXNativeTarget section */

/* Begin PBXProject section */
		5B0F25B7204B38F700948F88 /* Project object */ = {
			isa = PBXProject;
			attributes = {
				LastSwiftUpdateCheck = 0920;
				LastUpgradeCheck = 0920;
				ORGANIZATIONNAME = "Harold Hernandez";
				TargetAttributes = {
					5B0F25BE204B38F700948F88 = {
						CreatedOnToolsVersion = 9.2;
						ProvisioningStyle = Automatic;
					};
					5B0F25D4204B38F700948F88 = {
						CreatedOnToolsVersion = 9.2;
						ProvisioningStyle = Automatic;
						TestTargetID = 5B0F25BE204B38F700948F88;
					};
					5B0F25DF204B38F700948F88 = {
						CreatedOnToolsVersion = 9.2;
						ProvisioningStyle = Automatic;
						TestTargetID = 5B0F25BE204B38F700948F88;
					};
				};
			};
			buildConfigurationList = 5B0F25BA204B38F700948F88 /* Build configuration list for PBXProject "MemeGenerator" */;
			compatibilityVersion = "Xcode 8.0";
			developmentRegion = en;
			hasScannedForEncodings = 0;
			knownRegions = (
				en,
				Base,
			);
			mainGroup = 5B0F25B6204B38F700948F88;
			productRefGroup = 5B0F25C0204B38F700948F88 /* Products */;
			projectDirPath = "";
			projectRoot = "";
			targets = (
				5B0F25BE204B38F700948F88 /* MemeGenerator */,
				5B0F25D4204B38F700948F88 /* MemeGeneratorTests */,
				5B0F25DF204B38F700948F88 /* MemeGeneratorUITests */,
			);
		};
/* End PBXProject section */

/* Begin PBXResourcesBuildPhase section */
		5B0F25BD204B38F700948F88 /* Resources */ = {
			isa = PBXResourcesBuildPhase;
			buildActionMask = 2147483647;
			files = (
				5B0F25CF204B38F700948F88 /* LaunchScreen.storyboard in Resources */,
				5B1E28F6204D3004005600A6 /* MemeDetailsTableViewCell.xib in Resources */,
				5B1E28FA204D30BD005600A6 /* DescriptionTableViewCell.xib in Resources */,
				5B0F2656204CC74F00948F88 /* MemeTableViewCell.xib in Resources */,
				5B1E2902204D3405005600A6 /* MemeDetailsEditTableViewCell.xib in Resources */,
				5B0F25CC204B38F700948F88 /* Assets.xcassets in Resources */,
				5B0F25CA204B38F700948F88 /* Main.storyboard in Resources */,
			);
			runOnlyForDeploymentPostprocessing = 0;
		};
		5B0F25D3204B38F700948F88 /* Resources */ = {
			isa = PBXResourcesBuildPhase;
			buildActionMask = 2147483647;
			files = (
			);
			runOnlyForDeploymentPostprocessing = 0;
		};
		5B0F25DE204B38F700948F88 /* Resources */ = {
			isa = PBXResourcesBuildPhase;
			buildActionMask = 2147483647;
			files = (
			);
			runOnlyForDeploymentPostprocessing = 0;
		};
/* End PBXResourcesBuildPhase section */

/* Begin PBXShellScriptBuildPhase section */
		0824542B0F673E3C74578DA8 /* [CP] Check Pods Manifest.lock */ = {
			isa = PBXShellScriptBuildPhase;
			buildActionMask = 2147483647;
			files = (
			);
			inputPaths = (
				"${PODS_PODFILE_DIR_PATH}/Podfile.lock",
				"${PODS_ROOT}/Manifest.lock",
			);
			name = "[CP] Check Pods Manifest.lock";
			outputPaths = (
				"$(DERIVED_FILE_DIR)/Pods-MemeGenerator-checkManifestLockResult.txt",
			);
			runOnlyForDeploymentPostprocessing = 0;
			shellPath = /bin/sh;
			shellScript = "diff \"${PODS_PODFILE_DIR_PATH}/Podfile.lock\" \"${PODS_ROOT}/Manifest.lock\" > /dev/null\nif [ $? != 0 ] ; then\n    # print error to STDERR\n    echo \"error: The sandbox is not in sync with the Podfile.lock. Run 'pod install' or update your CocoaPods installation.\" >&2\n    exit 1\nfi\n# This output is used by Xcode 'outputs' to avoid re-running this script phase.\necho \"SUCCESS\" > \"${SCRIPT_OUTPUT_FILE_0}\"\n";
			showEnvVarsInLog = 0;
		};
		30914F953CD8AF5C1AEEC1F4 /* [CP] Copy Pods Resources */ = {
			isa = PBXShellScriptBuildPhase;
			buildActionMask = 2147483647;
			files = (
			);
			inputPaths = (
				"${SRCROOT}/Pods/Target Support Files/Pods-MemeGenerator/Pods-MemeGenerator-resources.sh",
				"${PODS_ROOT}/TwitterKit/iOS/TwitterKit.framework/TwitterKitResources.bundle",
				"${PODS_ROOT}/TwitterKit/iOS/TwitterKit.framework/TwitterShareExtensionUIResources.bundle",
			);
			name = "[CP] Copy Pods Resources";
			outputPaths = (
				"${TARGET_BUILD_DIR}/${UNLOCALIZED_RESOURCES_FOLDER_PATH}/TwitterKitResources.bundle",
				"${TARGET_BUILD_DIR}/${UNLOCALIZED_RESOURCES_FOLDER_PATH}/TwitterShareExtensionUIResources.bundle",
			);
			runOnlyForDeploymentPostprocessing = 0;
			shellPath = /bin/sh;
			shellScript = "\"${SRCROOT}/Pods/Target Support Files/Pods-MemeGenerator/Pods-MemeGenerator-resources.sh\"\n";
			showEnvVarsInLog = 0;
		};
		FB7D0241D0F050F18364EF30 /* [CP] Embed Pods Frameworks */ = {
			isa = PBXShellScriptBuildPhase;
			buildActionMask = 2147483647;
			files = (
			);
			inputPaths = (
				"${SRCROOT}/Pods/Target Support Files/Pods-MemeGenerator/Pods-MemeGenerator-frameworks.sh",
				"${BUILT_PRODUCTS_DIR}/Alamofire/Alamofire.framework",
				"${BUILT_PRODUCTS_DIR}/Bolts/Bolts.framework",
				"${BUILT_PRODUCTS_DIR}/FBSDKCoreKit/FBSDKCoreKit.framework",
				"${BUILT_PRODUCTS_DIR}/FBSDKLoginKit/FBSDKLoginKit.framework",
				"${BUILT_PRODUCTS_DIR}/FBSDKShareKit/FBSDKShareKit.framework",
				"${BUILT_PRODUCTS_DIR}/FacebookCore/FacebookCore.framework",
				"${BUILT_PRODUCTS_DIR}/FacebookLogin/FacebookLogin.framework",
				"${BUILT_PRODUCTS_DIR}/FacebookShare/FacebookShare.framework",
				"${BUILT_PRODUCTS_DIR}/Kingfisher/Kingfisher.framework",
				"${PODS_ROOT}/TwitterCore/iOS/TwitterCore.framework",
				"${PODS_ROOT}/TwitterKit/iOS/TwitterKit.framework",
			);
			name = "[CP] Embed Pods Frameworks";
			outputPaths = (
				"${TARGET_BUILD_DIR}/${FRAMEWORKS_FOLDER_PATH}/Alamofire.framework",
				"${TARGET_BUILD_DIR}/${FRAMEWORKS_FOLDER_PATH}/Bolts.framework",
				"${TARGET_BUILD_DIR}/${FRAMEWORKS_FOLDER_PATH}/FBSDKCoreKit.framework",
				"${TARGET_BUILD_DIR}/${FRAMEWORKS_FOLDER_PATH}/FBSDKLoginKit.framework",
				"${TARGET_BUILD_DIR}/${FRAMEWORKS_FOLDER_PATH}/FBSDKShareKit.framework",
				"${TARGET_BUILD_DIR}/${FRAMEWORKS_FOLDER_PATH}/FacebookCore.framework",
				"${TARGET_BUILD_DIR}/${FRAMEWORKS_FOLDER_PATH}/FacebookLogin.framework",
				"${TARGET_BUILD_DIR}/${FRAMEWORKS_FOLDER_PATH}/FacebookShare.framework",
				"${TARGET_BUILD_DIR}/${FRAMEWORKS_FOLDER_PATH}/Kingfisher.framework",
				"${TARGET_BUILD_DIR}/${FRAMEWORKS_FOLDER_PATH}/TwitterCore.framework",
				"${TARGET_BUILD_DIR}/${FRAMEWORKS_FOLDER_PATH}/TwitterKit.framework",
			);
			runOnlyForDeploymentPostprocessing = 0;
			shellPath = /bin/sh;
			shellScript = "\"${SRCROOT}/Pods/Target Support Files/Pods-MemeGenerator/Pods-MemeGenerator-frameworks.sh\"\n";
			showEnvVarsInLog = 0;
		};
/* End PBXShellScriptBuildPhase section */

/* Begin PBXSourcesBuildPhase section */
		5B0F25BB204B38F700948F88 /* Sources */ = {
			isa = PBXSourcesBuildPhase;
			buildActionMask = 2147483647;
			files = (
				5B0F2647204CB99F00948F88 /* MemeCreateResponseModel.swift in Sources */,
				5B1E2904204D37B8005600A6 /* MemeDetailsTableViewController.swift in Sources */,
				5B0F263E204CB99F00948F88 /* DataRequest.swift in Sources */,
				5B0F263A204CB99F00948F88 /* URLRequest.swift in Sources */,
				5B0F265E204CE03600948F88 /* MemesDataSource.swift in Sources */,
				5B0F2641204CB99F00948F88 /* MemesCreate.swift in Sources */,
				5B0F2644204CB99F00948F88 /* ErrorPlatform.swift in Sources */,
				5B0F2646204CB99F00948F88 /* MemesResponseModel.swift in Sources */,
				5B1E28F9204D30BD005600A6 /* DescriptionTableViewCell.swift in Sources */,
				5B0F2643204CB99F00948F88 /* OperationResult.swift in Sources */,
				5B0F264A204CB99F00948F88 /* ErrorModel.swift in Sources */,
				5B0F25C3204B38F700948F88 /* AppDelegate.swift in Sources */,
				5B0F2649204CB99F00948F88 /* MemesModel.swift in Sources */,
				5B0F2645204CB99F00948F88 /* DataModel.swift in Sources */,
				5B0F263F204CB99F00948F88 /* CloudBase.swift in Sources */,
				5B0F2658204CD43300948F88 /* Reusable.swift in Sources */,
				5B0F263D204CB99F00948F88 /* Extension.swift in Sources */,
				5B0F2640204CB99F00948F88 /* MemesRoutes.swift in Sources */,
				5B1E28F5204D3004005600A6 /* MemeDetailsTableViewCell.swift in Sources */,
				5B0F2652204CC73700948F88 /* MemesListTableViewController.swift in Sources */,
				5B0F263C204CB99F00948F88 /* HTTPMethod.swift in Sources */,
				5B1E2901204D3405005600A6 /* MemeDetailsEditTableViewCell.swift in Sources */,
				5B0F263B204CB99F00948F88 /* Encodable.swift in Sources */,
				5B1E2909204D4810005600A6 /* MemeDetailsController.swift in Sources */,
				5B0F265C204CD79400948F88 /* UITableView.swift in Sources */,
				5B0F2660204CED5F00948F88 /* MemesController.swift in Sources */,
				5B0F264B204CB99F00948F88 /* MemeCreateModel.swift in Sources */,
				5B0F2655204CC74F00948F88 /* MemeTableViewCell.swift in Sources */,
				5B0F2642204CB99F00948F88 /* MemesCloud.swift in Sources */,
				5B0F2648204CB99F00948F88 /* MemeBase.swift in Sources */,
				5B1E290B204D484F005600A6 /* MemeDetailsDataSource.swift in Sources */,
				5B5DC238204D9AC6005E2A3D /* SocialCloud.swift in Sources */,
			);
			runOnlyForDeploymentPostprocessing = 0;
		};
		5B0F25D1204B38F700948F88 /* Sources */ = {
			isa = PBXSourcesBuildPhase;
			buildActionMask = 2147483647;
			files = (
				5B0F25DA204B38F700948F88 /* NetworkingTests.swift in Sources */,
			);
			runOnlyForDeploymentPostprocessing = 0;
		};
		5B0F25DC204B38F700948F88 /* Sources */ = {
			isa = PBXSourcesBuildPhase;
			buildActionMask = 2147483647;
			files = (
				5B0F25E5204B38F700948F88 /* MemeGeneratorUITests.swift in Sources */,
			);
			runOnlyForDeploymentPostprocessing = 0;
		};
/* End PBXSourcesBuildPhase section */

/* Begin PBXTargetDependency section */
		5B0F25D7204B38F700948F88 /* PBXTargetDependency */ = {
			isa = PBXTargetDependency;
			target = 5B0F25BE204B38F700948F88 /* MemeGenerator */;
			targetProxy = 5B0F25D6204B38F700948F88 /* PBXContainerItemProxy */;
		};
		5B0F25E2204B38F700948F88 /* PBXTargetDependency */ = {
			isa = PBXTargetDependency;
			target = 5B0F25BE204B38F700948F88 /* MemeGenerator */;
			targetProxy = 5B0F25E1204B38F700948F88 /* PBXContainerItemProxy */;
		};
/* End PBXTargetDependency section */

/* Begin PBXVariantGroup section */
		5B0F25C8204B38F700948F88 /* Main.storyboard */ = {
			isa = PBXVariantGroup;
			children = (
				5B0F25C9204B38F700948F88 /* Base */,
			);
			name = Main.storyboard;
			sourceTree = "<group>";
		};
		5B0F25CD204B38F700948F88 /* LaunchScreen.storyboard */ = {
			isa = PBXVariantGroup;
			children = (
				5B0F25CE204B38F700948F88 /* Base */,
			);
			name = LaunchScreen.storyboard;
			sourceTree = "<group>";
		};
/* End PBXVariantGroup section */

/* Begin XCBuildConfiguration section */
		5B0F25E7204B38F700948F88 /* Debug */ = {
			isa = XCBuildConfiguration;
			buildSettings = {
				ALWAYS_SEARCH_USER_PATHS = NO;
				CLANG_ANALYZER_NONNULL = YES;
				CLANG_ANALYZER_NUMBER_OBJECT_CONVERSION = YES_AGGRESSIVE;
				CLANG_CXX_LANGUAGE_STANDARD = "gnu++14";
				CLANG_CXX_LIBRARY = "libc++";
				CLANG_ENABLE_MODULES = YES;
				CLANG_ENABLE_OBJC_ARC = YES;
				CLANG_WARN_BLOCK_CAPTURE_AUTORELEASING = YES;
				CLANG_WARN_BOOL_CONVERSION = YES;
				CLANG_WARN_COMMA = YES;
				CLANG_WARN_CONSTANT_CONVERSION = YES;
				CLANG_WARN_DIRECT_OBJC_ISA_USAGE = YES_ERROR;
				CLANG_WARN_DOCUMENTATION_COMMENTS = YES;
				CLANG_WARN_EMPTY_BODY = YES;
				CLANG_WARN_ENUM_CONVERSION = YES;
				CLANG_WARN_INFINITE_RECURSION = YES;
				CLANG_WARN_INT_CONVERSION = YES;
				CLANG_WARN_NON_LITERAL_NULL_CONVERSION = YES;
				CLANG_WARN_OBJC_LITERAL_CONVERSION = YES;
				CLANG_WARN_OBJC_ROOT_CLASS = YES_ERROR;
				CLANG_WARN_RANGE_LOOP_ANALYSIS = YES;
				CLANG_WARN_STRICT_PROTOTYPES = YES;
				CLANG_WARN_SUSPICIOUS_MOVE = YES;
				CLANG_WARN_UNGUARDED_AVAILABILITY = YES_AGGRESSIVE;
				CLANG_WARN_UNREACHABLE_CODE = YES;
				CLANG_WARN__DUPLICATE_METHOD_MATCH = YES;
				CODE_SIGN_IDENTITY = "iPhone Developer";
				COPY_PHASE_STRIP = NO;
				DEBUG_INFORMATION_FORMAT = dwarf;
				ENABLE_STRICT_OBJC_MSGSEND = YES;
				ENABLE_TESTABILITY = YES;
				GCC_C_LANGUAGE_STANDARD = gnu11;
				GCC_DYNAMIC_NO_PIC = NO;
				GCC_NO_COMMON_BLOCKS = YES;
				GCC_OPTIMIZATION_LEVEL = 0;
				GCC_PREPROCESSOR_DEFINITIONS = (
					"DEBUG=1",
					"$(inherited)",
				);
				GCC_WARN_64_TO_32_BIT_CONVERSION = YES;
				GCC_WARN_ABOUT_RETURN_TYPE = YES_ERROR;
				GCC_WARN_UNDECLARED_SELECTOR = YES;
				GCC_WARN_UNINITIALIZED_AUTOS = YES_AGGRESSIVE;
				GCC_WARN_UNUSED_FUNCTION = YES;
				GCC_WARN_UNUSED_VARIABLE = YES;
				IPHONEOS_DEPLOYMENT_TARGET = 11.2;
				MTL_ENABLE_DEBUG_INFO = YES;
				ONLY_ACTIVE_ARCH = YES;
				SDKROOT = iphoneos;
				SWIFT_ACTIVE_COMPILATION_CONDITIONS = DEBUG;
				SWIFT_OPTIMIZATION_LEVEL = "-Onone";
			};
			name = Debug;
		};
		5B0F25E8204B38F700948F88 /* Release */ = {
			isa = XCBuildConfiguration;
			buildSettings = {
				ALWAYS_SEARCH_USER_PATHS = NO;
				CLANG_ANALYZER_NONNULL = YES;
				CLANG_ANALYZER_NUMBER_OBJECT_CONVERSION = YES_AGGRESSIVE;
				CLANG_CXX_LANGUAGE_STANDARD = "gnu++14";
				CLANG_CXX_LIBRARY = "libc++";
				CLANG_ENABLE_MODULES = YES;
				CLANG_ENABLE_OBJC_ARC = YES;
				CLANG_WARN_BLOCK_CAPTURE_AUTORELEASING = YES;
				CLANG_WARN_BOOL_CONVERSION = YES;
				CLANG_WARN_COMMA = YES;
				CLANG_WARN_CONSTANT_CONVERSION = YES;
				CLANG_WARN_DIRECT_OBJC_ISA_USAGE = YES_ERROR;
				CLANG_WARN_DOCUMENTATION_COMMENTS = YES;
				CLANG_WARN_EMPTY_BODY = YES;
				CLANG_WARN_ENUM_CONVERSION = YES;
				CLANG_WARN_INFINITE_RECURSION = YES;
				CLANG_WARN_INT_CONVERSION = YES;
				CLANG_WARN_NON_LITERAL_NULL_CONVERSION = YES;
				CLANG_WARN_OBJC_LITERAL_CONVERSION = YES;
				CLANG_WARN_OBJC_ROOT_CLASS = YES_ERROR;
				CLANG_WARN_RANGE_LOOP_ANALYSIS = YES;
				CLANG_WARN_STRICT_PROTOTYPES = YES;
				CLANG_WARN_SUSPICIOUS_MOVE = YES;
				CLANG_WARN_UNGUARDED_AVAILABILITY = YES_AGGRESSIVE;
				CLANG_WARN_UNREACHABLE_CODE = YES;
				CLANG_WARN__DUPLICATE_METHOD_MATCH = YES;
				CODE_SIGN_IDENTITY = "iPhone Developer";
				COPY_PHASE_STRIP = NO;
				DEBUG_INFORMATION_FORMAT = "dwarf-with-dsym";
				ENABLE_NS_ASSERTIONS = NO;
				ENABLE_STRICT_OBJC_MSGSEND = YES;
				GCC_C_LANGUAGE_STANDARD = gnu11;
				GCC_NO_COMMON_BLOCKS = YES;
				GCC_WARN_64_TO_32_BIT_CONVERSION = YES;
				GCC_WARN_ABOUT_RETURN_TYPE = YES_ERROR;
				GCC_WARN_UNDECLARED_SELECTOR = YES;
				GCC_WARN_UNINITIALIZED_AUTOS = YES_AGGRESSIVE;
				GCC_WARN_UNUSED_FUNCTION = YES;
				GCC_WARN_UNUSED_VARIABLE = YES;
				IPHONEOS_DEPLOYMENT_TARGET = 11.2;
				MTL_ENABLE_DEBUG_INFO = NO;
				SDKROOT = iphoneos;
				SWIFT_OPTIMIZATION_LEVEL = "-Owholemodule";
				VALIDATE_PRODUCT = YES;
			};
			name = Release;
		};
		5B0F25EA204B38F700948F88 /* Debug */ = {
			isa = XCBuildConfiguration;
			baseConfigurationReference = 3AA89972A63E0F4FFAD9A5C9 /* Pods-MemeGenerator.debug.xcconfig */;
			buildSettings = {
				ASSETCATALOG_COMPILER_APPICON_NAME = AppIcon;
				CODE_SIGN_STYLE = Automatic;
				DEVELOPMENT_TEAM = 7MMYQ56TQF;
				INFOPLIST_FILE = MemeGenerator/Info.plist;
				LD_RUNPATH_SEARCH_PATHS = "$(inherited) @executable_path/Frameworks";
				PRODUCT_BUNDLE_IDENTIFIER = com.testapp.MemeGenerator;
				PRODUCT_NAME = "$(TARGET_NAME)";
				SWIFT_VERSION = 4.0;
				TARGETED_DEVICE_FAMILY = 1;
			};
			name = Debug;
		};
		5B0F25EB204B38F700948F88 /* Release */ = {
			isa = XCBuildConfiguration;
			baseConfigurationReference = 7415BD1446B6EC2CD0634374 /* Pods-MemeGenerator.release.xcconfig */;
			buildSettings = {
				ASSETCATALOG_COMPILER_APPICON_NAME = AppIcon;
				CODE_SIGN_STYLE = Automatic;
				DEVELOPMENT_TEAM = 7MMYQ56TQF;
				INFOPLIST_FILE = MemeGenerator/Info.plist;
				LD_RUNPATH_SEARCH_PATHS = "$(inherited) @executable_path/Frameworks";
				PRODUCT_BUNDLE_IDENTIFIER = com.testapp.MemeGenerator;
				PRODUCT_NAME = "$(TARGET_NAME)";
				SWIFT_VERSION = 4.0;
				TARGETED_DEVICE_FAMILY = 1;
			};
			name = Release;
		};
		5B0F25ED204B38F700948F88 /* Debug */ = {
			isa = XCBuildConfiguration;
			buildSettings = {
				ALWAYS_EMBED_SWIFT_STANDARD_LIBRARIES = YES;
				BUNDLE_LOADER = "$(TEST_HOST)";
				CODE_SIGN_STYLE = Automatic;
				DEVELOPMENT_TEAM = 7MMYQ56TQF;
				INFOPLIST_FILE = MemeGeneratorTests/Info.plist;
				LD_RUNPATH_SEARCH_PATHS = "$(inherited) @executable_path/Frameworks @loader_path/Frameworks";
				PRODUCT_BUNDLE_IDENTIFIER = com.testapp.MemeGeneratorTests;
				PRODUCT_NAME = "$(TARGET_NAME)";
				SWIFT_VERSION = 4.0;
				TARGETED_DEVICE_FAMILY = "1,2";
				TEST_HOST = "$(BUILT_PRODUCTS_DIR)/MemeGenerator.app/MemeGenerator";
			};
			name = Debug;
		};
		5B0F25EE204B38F700948F88 /* Release */ = {
			isa = XCBuildConfiguration;
			buildSettings = {
				ALWAYS_EMBED_SWIFT_STANDARD_LIBRARIES = YES;
				BUNDLE_LOADER = "$(TEST_HOST)";
				CODE_SIGN_STYLE = Automatic;
				DEVELOPMENT_TEAM = 7MMYQ56TQF;
				INFOPLIST_FILE = MemeGeneratorTests/Info.plist;
				LD_RUNPATH_SEARCH_PATHS = "$(inherited) @executable_path/Frameworks @loader_path/Frameworks";
				PRODUCT_BUNDLE_IDENTIFIER = com.testapp.MemeGeneratorTests;
				PRODUCT_NAME = "$(TARGET_NAME)";
				SWIFT_VERSION = 4.0;
				TARGETED_DEVICE_FAMILY = "1,2";
				TEST_HOST = "$(BUILT_PRODUCTS_DIR)/MemeGenerator.app/MemeGenerator";
			};
			name = Release;
		};
		5B0F25F0204B38F700948F88 /* Debug */ = {
			isa = XCBuildConfiguration;
			buildSettings = {
				ALWAYS_EMBED_SWIFT_STANDARD_LIBRARIES = YES;
				CODE_SIGN_STYLE = Automatic;
				DEVELOPMENT_TEAM = 7MMYQ56TQF;
				INFOPLIST_FILE = MemeGeneratorUITests/Info.plist;
				LD_RUNPATH_SEARCH_PATHS = "$(inherited) @executable_path/Frameworks @loader_path/Frameworks";
				PRODUCT_BUNDLE_IDENTIFIER = com.testapp.MemeGeneratorUITests;
				PRODUCT_NAME = "$(TARGET_NAME)";
				SWIFT_VERSION = 4.0;
				TARGETED_DEVICE_FAMILY = "1,2";
				TEST_TARGET_NAME = MemeGenerator;
			};
			name = Debug;
		};
		5B0F25F1204B38F700948F88 /* Release */ = {
			isa = XCBuildConfiguration;
			buildSettings = {
				ALWAYS_EMBED_SWIFT_STANDARD_LIBRARIES = YES;
				CODE_SIGN_STYLE = Automatic;
				DEVELOPMENT_TEAM = 7MMYQ56TQF;
				INFOPLIST_FILE = MemeGeneratorUITests/Info.plist;
				LD_RUNPATH_SEARCH_PATHS = "$(inherited) @executable_path/Frameworks @loader_path/Frameworks";
				PRODUCT_BUNDLE_IDENTIFIER = com.testapp.MemeGeneratorUITests;
				PRODUCT_NAME = "$(TARGET_NAME)";
				SWIFT_VERSION = 4.0;
				TARGETED_DEVICE_FAMILY = "1,2";
				TEST_TARGET_NAME = MemeGenerator;
			};
			name = Release;
		};
/* End XCBuildConfiguration section */

/* Begin XCConfigurationList section */
		5B0F25BA204B38F700948F88 /* Build configuration list for PBXProject "MemeGenerator" */ = {
			isa = XCConfigurationList;
			buildConfigurations = (
				5B0F25E7204B38F700948F88 /* Debug */,
				5B0F25E8204B38F700948F88 /* Release */,
			);
			defaultConfigurationIsVisible = 0;
			defaultConfigurationName = Release;
		};
		5B0F25E9204B38F700948F88 /* Build configuration list for PBXNativeTarget "MemeGenerator" */ = {
			isa = XCConfigurationList;
			buildConfigurations = (
				5B0F25EA204B38F700948F88 /* Debug */,
				5B0F25EB204B38F700948F88 /* Release */,
			);
			defaultConfigurationIsVisible = 0;
			defaultConfigurationName = Release;
		};
		5B0F25EC204B38F700948F88 /* Build configuration list for PBXNativeTarget "MemeGeneratorTests" */ = {
			isa = XCConfigurationList;
			buildConfigurations = (
				5B0F25ED204B38F700948F88 /* Debug */,
				5B0F25EE204B38F700948F88 /* Release */,
			);
			defaultConfigurationIsVisible = 0;
			defaultConfigurationName = Release;
		};
		5B0F25EF204B38F700948F88 /* Build configuration list for PBXNativeTarget "MemeGeneratorUITests" */ = {
			isa = XCConfigurationList;
			buildConfigurations = (
				5B0F25F0204B38F700948F88 /* Debug */,
				5B0F25F1204B38F700948F88 /* Release */,
			);
			defaultConfigurationIsVisible = 0;
			defaultConfigurationName = Release;
		};
/* End XCConfigurationList section */
	};
	rootObject = 5B0F25B7204B38F700948F88 /* Project object */;
}
